// !$*UTF8*$!
{
	archiveVersion = 1;
	classes = {
	};
	objectVersion = 51;
	objects = {

/* Begin PBXBuildFile section */
		0C01D99AE4362FCBA4F162AB /* Pods_UserAuthIOS_UserAuthIOSUITests.framework in Frameworks */ = {isa = PBXBuildFile; fileRef = BCB7681748AF7FD9BFE66347 /* Pods_UserAuthIOS_UserAuthIOSUITests.framework */; };
		2E9B54F36A256106239BE246 /* Pods_UserAuthIOS.framework in Frameworks */ = {isa = PBXBuildFile; fileRef = F5E06C9A306C58CEFB497AEE /* Pods_UserAuthIOS.framework */; };
		7ECEA4B42460D60100FDDDFE /* icon.png in Resources */ = {isa = PBXBuildFile; fileRef = 7ECEA4B32460D60100FDDDFE /* icon.png */; };
		7EE95654245DF74100DB6058 /* AppDelegate.swift in Sources */ = {isa = PBXBuildFile; fileRef = 7EE95653245DF74100DB6058 /* AppDelegate.swift */; };
		7EE95656245DF74100DB6058 /* SceneDelegate.swift in Sources */ = {isa = PBXBuildFile; fileRef = 7EE95655245DF74100DB6058 /* SceneDelegate.swift */; };
		7EE95658245DF74100DB6058 /* ViewController.swift in Sources */ = {isa = PBXBuildFile; fileRef = 7EE95657245DF74100DB6058 /* ViewController.swift */; };
		7EE9565B245DF74100DB6058 /* Main.storyboard in Resources */ = {isa = PBXBuildFile; fileRef = 7EE95659245DF74100DB6058 /* Main.storyboard */; };
		7EE9565D245DF74300DB6058 /* Assets.xcassets in Resources */ = {isa = PBXBuildFile; fileRef = 7EE9565C245DF74300DB6058 /* Assets.xcassets */; };
		7EE95660245DF74300DB6058 /* LaunchScreen.storyboard in Resources */ = {isa = PBXBuildFile; fileRef = 7EE9565E245DF74300DB6058 /* LaunchScreen.storyboard */; };
		7EE9566B245DF74300DB6058 /* UserAuthIOSTests.swift in Sources */ = {isa = PBXBuildFile; fileRef = 7EE9566A245DF74300DB6058 /* UserAuthIOSTests.swift */; };
		7EE95676245DF74300DB6058 /* UserAuthIOSUITests.swift in Sources */ = {isa = PBXBuildFile; fileRef = 7EE95675245DF74300DB6058 /* UserAuthIOSUITests.swift */; };
		7EE95684245DF7D200DB6058 /* GoogleService-Info.plist in Resources */ = {isa = PBXBuildFile; fileRef = 7EE95683245DF7D200DB6058 /* GoogleService-Info.plist */; };
		8E94846503DC055AFB581DBB /* Pods_UserAuthIOSTests.framework in Frameworks */ = {isa = PBXBuildFile; fileRef = F91BCA8F44DAD37EA7F859C1 /* Pods_UserAuthIOSTests.framework */; };
/* End PBXBuildFile section */

/* Begin PBXContainerItemProxy section */
		7EE95667245DF74300DB6058 /* PBXContainerItemProxy */ = {
			isa = PBXContainerItemProxy;
			containerPortal = 7EE95648245DF74100DB6058 /* Project object */;
			proxyType = 1;
			remoteGlobalIDString = 7EE9564F245DF74100DB6058;
			remoteInfo = UserAuthIOS;
		};
		7EE95672245DF74300DB6058 /* PBXContainerItemProxy */ = {
			isa = PBXContainerItemProxy;
			containerPortal = 7EE95648245DF74100DB6058 /* Project object */;
			proxyType = 1;
			remoteGlobalIDString = 7EE9564F245DF74100DB6058;
			remoteInfo = UserAuthIOS;
		};
/* End PBXContainerItemProxy section */

/* Begin PBXFileReference section */
		29C416A9FFA4B76338C8B8E8 /* Pods-UserAuthIOS-UserAuthIOSUITests.release.xcconfig */ = {isa = PBXFileReference; includeInIndex = 1; lastKnownFileType = text.xcconfig; name = "Pods-UserAuthIOS-UserAuthIOSUITests.release.xcconfig"; path = "Target Support Files/Pods-UserAuthIOS-UserAuthIOSUITests/Pods-UserAuthIOS-UserAuthIOSUITests.release.xcconfig"; sourceTree = "<group>"; };
		53D20B294F5662D0BD5B2F27 /* Pods-UserAuthIOS-UserAuthIOSUITests.debug.xcconfig */ = {isa = PBXFileReference; includeInIndex = 1; lastKnownFileType = text.xcconfig; name = "Pods-UserAuthIOS-UserAuthIOSUITests.debug.xcconfig"; path = "Target Support Files/Pods-UserAuthIOS-UserAuthIOSUITests/Pods-UserAuthIOS-UserAuthIOSUITests.debug.xcconfig"; sourceTree = "<group>"; };
		6A09CD16696CECE62E856DDC /* Pods-UserAuthIOS.debug.xcconfig */ = {isa = PBXFileReference; includeInIndex = 1; lastKnownFileType = text.xcconfig; name = "Pods-UserAuthIOS.debug.xcconfig"; path = "Target Support Files/Pods-UserAuthIOS/Pods-UserAuthIOS.debug.xcconfig"; sourceTree = "<group>"; };
		7ECEA4B32460D60100FDDDFE /* icon.png */ = {isa = PBXFileReference; lastKnownFileType = image.png; name = icon.png; path = ../../../../Downloads/icon.png; sourceTree = "<group>"; };
		7EE95650245DF74100DB6058 /* UserAuthIOS.app */ = {isa = PBXFileReference; explicitFileType = wrapper.application; includeInIndex = 0; path = UserAuthIOS.app; sourceTree = BUILT_PRODUCTS_DIR; };
		7EE95653245DF74100DB6058 /* AppDelegate.swift */ = {isa = PBXFileReference; lastKnownFileType = sourcecode.swift; path = AppDelegate.swift; sourceTree = "<group>"; };
		7EE95655245DF74100DB6058 /* SceneDelegate.swift */ = {isa = PBXFileReference; lastKnownFileType = sourcecode.swift; path = SceneDelegate.swift; sourceTree = "<group>"; };
		7EE95657245DF74100DB6058 /* ViewController.swift */ = {isa = PBXFileReference; lastKnownFileType = sourcecode.swift; path = ViewController.swift; sourceTree = "<group>"; };
		7EE9565A245DF74100DB6058 /* Base */ = {isa = PBXFileReference; lastKnownFileType = file.storyboard; name = Base; path = Base.lproj/Main.storyboard; sourceTree = "<group>"; };
		7EE9565C245DF74300DB6058 /* Assets.xcassets */ = {isa = PBXFileReference; lastKnownFileType = folder.assetcatalog; path = Assets.xcassets; sourceTree = "<group>"; };
		7EE9565F245DF74300DB6058 /* Base */ = {isa = PBXFileReference; lastKnownFileType = file.storyboard; name = Base; path = Base.lproj/LaunchScreen.storyboard; sourceTree = "<group>"; };
		7EE95661245DF74300DB6058 /* Info.plist */ = {isa = PBXFileReference; lastKnownFileType = text.plist.xml; path = Info.plist; sourceTree = "<group>"; };
		7EE95666245DF74300DB6058 /* UserAuthIOSTests.xctest */ = {isa = PBXFileReference; explicitFileType = wrapper.cfbundle; includeInIndex = 0; path = UserAuthIOSTests.xctest; sourceTree = BUILT_PRODUCTS_DIR; };
		7EE9566A245DF74300DB6058 /* UserAuthIOSTests.swift */ = {isa = PBXFileReference; lastKnownFileType = sourcecode.swift; path = UserAuthIOSTests.swift; sourceTree = "<group>"; };
		7EE9566C245DF74300DB6058 /* Info.plist */ = {isa = PBXFileReference; lastKnownFileType = text.plist.xml; path = Info.plist; sourceTree = "<group>"; };
		7EE95671245DF74300DB6058 /* UserAuthIOSUITests.xctest */ = {isa = PBXFileReference; explicitFileType = wrapper.cfbundle; includeInIndex = 0; path = UserAuthIOSUITests.xctest; sourceTree = BUILT_PRODUCTS_DIR; };
		7EE95675245DF74300DB6058 /* UserAuthIOSUITests.swift */ = {isa = PBXFileReference; lastKnownFileType = sourcecode.swift; path = UserAuthIOSUITests.swift; sourceTree = "<group>"; };
		7EE95677245DF74300DB6058 /* Info.plist */ = {isa = PBXFileReference; lastKnownFileType = text.plist.xml; path = Info.plist; sourceTree = "<group>"; };
		7EE95683245DF7D200DB6058 /* GoogleService-Info.plist */ = {isa = PBXFileReference; lastKnownFileType = text.plist; path = "GoogleService-Info.plist"; sourceTree = SOURCE_ROOT; };
		BCB7681748AF7FD9BFE66347 /* Pods_UserAuthIOS_UserAuthIOSUITests.framework */ = {isa = PBXFileReference; explicitFileType = wrapper.framework; includeInIndex = 0; path = Pods_UserAuthIOS_UserAuthIOSUITests.framework; sourceTree = BUILT_PRODUCTS_DIR; };
		DBD13BFBE5A727E74EF294FC /* Pods-UserAuthIOS.release.xcconfig */ = {isa = PBXFileReference; includeInIndex = 1; lastKnownFileType = text.xcconfig; name = "Pods-UserAuthIOS.release.xcconfig"; path = "Target Support Files/Pods-UserAuthIOS/Pods-UserAuthIOS.release.xcconfig"; sourceTree = "<group>"; };
		EA12D4F7EB0F243DC119D28B /* Pods-UserAuthIOSTests.release.xcconfig */ = {isa = PBXFileReference; includeInIndex = 1; lastKnownFileType = text.xcconfig; name = "Pods-UserAuthIOSTests.release.xcconfig"; path = "Target Support Files/Pods-UserAuthIOSTests/Pods-UserAuthIOSTests.release.xcconfig"; sourceTree = "<group>"; };
		F5E06C9A306C58CEFB497AEE /* Pods_UserAuthIOS.framework */ = {isa = PBXFileReference; explicitFileType = wrapper.framework; includeInIndex = 0; path = Pods_UserAuthIOS.framework; sourceTree = BUILT_PRODUCTS_DIR; };
		F91BCA8F44DAD37EA7F859C1 /* Pods_UserAuthIOSTests.framework */ = {isa = PBXFileReference; explicitFileType = wrapper.framework; includeInIndex = 0; path = Pods_UserAuthIOSTests.framework; sourceTree = BUILT_PRODUCTS_DIR; };
		FE563CEC82387FC6E5ABAC3E /* Pods-UserAuthIOSTests.debug.xcconfig */ = {isa = PBXFileReference; includeInIndex = 1; lastKnownFileType = text.xcconfig; name = "Pods-UserAuthIOSTests.debug.xcconfig"; path = "Target Support Files/Pods-UserAuthIOSTests/Pods-UserAuthIOSTests.debug.xcconfig"; sourceTree = "<group>"; };
/* End PBXFileReference section */

/* Begin PBXFrameworksBuildPhase section */
		7EE9564D245DF74100DB6058 /* Frameworks */ = {
			isa = PBXFrameworksBuildPhase;
			buildActionMask = 2147483647;
			files = (
				2E9B54F36A256106239BE246 /* Pods_UserAuthIOS.framework in Frameworks */,
			);
			runOnlyForDeploymentPostprocessing = 0;
		};
		7EE95663245DF74300DB6058 /* Frameworks */ = {
			isa = PBXFrameworksBuildPhase;
			buildActionMask = 2147483647;
			files = (
				8E94846503DC055AFB581DBB /* Pods_UserAuthIOSTests.framework in Frameworks */,
			);
			runOnlyForDeploymentPostprocessing = 0;
		};
		7EE9566E245DF74300DB6058 /* Frameworks */ = {
			isa = PBXFrameworksBuildPhase;
			buildActionMask = 2147483647;
			files = (
				0C01D99AE4362FCBA4F162AB /* Pods_UserAuthIOS_UserAuthIOSUITests.framework in Frameworks */,
			);
			runOnlyForDeploymentPostprocessing = 0;
		};
/* End PBXFrameworksBuildPhase section */

/* Begin PBXGroup section */
		7EE95647245DF74100DB6058 = {
			isa = PBXGroup;
			children = (
				7EE95652245DF74100DB6058 /* UserAuthIOS */,
				7EE95669245DF74300DB6058 /* UserAuthIOSTests */,
				7EE95674245DF74300DB6058 /* UserAuthIOSUITests */,
				7EE95651245DF74100DB6058 /* Products */,
				8C293EBF9756FEB61BD697A8 /* Pods */,
				866CB9721E5F83ABB3B33D8C /* Frameworks */,
			);
			sourceTree = "<group>";
		};
		7EE95651245DF74100DB6058 /* Products */ = {
			isa = PBXGroup;
			children = (
				7EE95650245DF74100DB6058 /* UserAuthIOS.app */,
				7EE95666245DF74300DB6058 /* UserAuthIOSTests.xctest */,
				7EE95671245DF74300DB6058 /* UserAuthIOSUITests.xctest */,
			);
			name = Products;
			sourceTree = "<group>";
		};
		7EE95652245DF74100DB6058 /* UserAuthIOS */ = {
			isa = PBXGroup;
			children = (
				7ECEA4B32460D60100FDDDFE /* icon.png */,
				7EE95683245DF7D200DB6058 /* GoogleService-Info.plist */,
				7EE95653245DF74100DB6058 /* AppDelegate.swift */,
				7EE95655245DF74100DB6058 /* SceneDelegate.swift */,
				7EE95657245DF74100DB6058 /* ViewController.swift */,
				7EE95659245DF74100DB6058 /* Main.storyboard */,
				7EE9565C245DF74300DB6058 /* Assets.xcassets */,
				7EE9565E245DF74300DB6058 /* LaunchScreen.storyboard */,
				7EE95661245DF74300DB6058 /* Info.plist */,
			);
			path = UserAuthIOS;
			sourceTree = "<group>";
		};
		7EE95669245DF74300DB6058 /* UserAuthIOSTests */ = {
			isa = PBXGroup;
			children = (
				7EE9566A245DF74300DB6058 /* UserAuthIOSTests.swift */,
				7EE9566C245DF74300DB6058 /* Info.plist */,
			);
			path = UserAuthIOSTests;
			sourceTree = "<group>";
		};
		7EE95674245DF74300DB6058 /* UserAuthIOSUITests */ = {
			isa = PBXGroup;
			children = (
				7EE95675245DF74300DB6058 /* UserAuthIOSUITests.swift */,
				7EE95677245DF74300DB6058 /* Info.plist */,
			);
			path = UserAuthIOSUITests;
			sourceTree = "<group>";
		};
		866CB9721E5F83ABB3B33D8C /* Frameworks */ = {
			isa = PBXGroup;
			children = (
				F5E06C9A306C58CEFB497AEE /* Pods_UserAuthIOS.framework */,
				BCB7681748AF7FD9BFE66347 /* Pods_UserAuthIOS_UserAuthIOSUITests.framework */,
				F91BCA8F44DAD37EA7F859C1 /* Pods_UserAuthIOSTests.framework */,
			);
			name = Frameworks;
			sourceTree = "<group>";
		};
		8C293EBF9756FEB61BD697A8 /* Pods */ = {
			isa = PBXGroup;
			children = (
				6A09CD16696CECE62E856DDC /* Pods-UserAuthIOS.debug.xcconfig */,
				DBD13BFBE5A727E74EF294FC /* Pods-UserAuthIOS.release.xcconfig */,
				53D20B294F5662D0BD5B2F27 /* Pods-UserAuthIOS-UserAuthIOSUITests.debug.xcconfig */,
				29C416A9FFA4B76338C8B8E8 /* Pods-UserAuthIOS-UserAuthIOSUITests.release.xcconfig */,
				FE563CEC82387FC6E5ABAC3E /* Pods-UserAuthIOSTests.debug.xcconfig */,
				EA12D4F7EB0F243DC119D28B /* Pods-UserAuthIOSTests.release.xcconfig */,
			);
			path = Pods;
			sourceTree = "<group>";
		};
/* End PBXGroup section */

/* Begin PBXNativeTarget section */
		7EE9564F245DF74100DB6058 /* UserAuthIOS */ = {
			isa = PBXNativeTarget;
			buildConfigurationList = 7EE9567A245DF74300DB6058 /* Build configuration list for PBXNativeTarget "UserAuthIOS" */;
			buildPhases = (
				34F8733B66121284411BCA3C /* [CP] Check Pods Manifest.lock */,
				7EE9564C245DF74100DB6058 /* Sources */,
				7EE9564D245DF74100DB6058 /* Frameworks */,
				7EE9564E245DF74100DB6058 /* Resources */,
				E4D0937DA6E7D179A93D52C0 /* [CP] Embed Pods Frameworks */,
			);
			buildRules = (
			);
			dependencies = (
			);
			name = UserAuthIOS;
			productName = UserAuthIOS;
			productReference = 7EE95650245DF74100DB6058 /* UserAuthIOS.app */;
			productType = "com.apple.product-type.application";
		};
		7EE95665245DF74300DB6058 /* UserAuthIOSTests */ = {
			isa = PBXNativeTarget;
			buildConfigurationList = 7EE9567D245DF74300DB6058 /* Build configuration list for PBXNativeTarget "UserAuthIOSTests" */;
			buildPhases = (
				01578C1D1687EBC83441CDB3 /* [CP] Check Pods Manifest.lock */,
				7EE95662245DF74300DB6058 /* Sources */,
				7EE95663245DF74300DB6058 /* Frameworks */,
				7EE95664245DF74300DB6058 /* Resources */,
			);
			buildRules = (
			);
			dependencies = (
				7EE95668245DF74300DB6058 /* PBXTargetDependency */,
			);
			name = UserAuthIOSTests;
			productName = UserAuthIOSTests;
			productReference = 7EE95666245DF74300DB6058 /* UserAuthIOSTests.xctest */;
			productType = "com.apple.product-type.bundle.unit-test";
		};
		7EE95670245DF74300DB6058 /* UserAuthIOSUITests */ = {
			isa = PBXNativeTarget;
			buildConfigurationList = 7EE95680245DF74300DB6058 /* Build configuration list for PBXNativeTarget "UserAuthIOSUITests" */;
			buildPhases = (
				60B4276A2A8730C972802335 /* [CP] Check Pods Manifest.lock */,
				7EE9566D245DF74300DB6058 /* Sources */,
				7EE9566E245DF74300DB6058 /* Frameworks */,
				7EE9566F245DF74300DB6058 /* Resources */,
				46A287BD34233374627A31B3 /* [CP] Embed Pods Frameworks */,
			);
			buildRules = (
			);
			dependencies = (
				7EE95673245DF74300DB6058 /* PBXTargetDependency */,
			);
			name = UserAuthIOSUITests;
			productName = UserAuthIOSUITests;
			productReference = 7EE95671245DF74300DB6058 /* UserAuthIOSUITests.xctest */;
			productType = "com.apple.product-type.bundle.ui-testing";
		};
/* End PBXNativeTarget section */

/* Begin PBXProject section */
		7EE95648245DF74100DB6058 /* Project object */ = {
			isa = PBXProject;
			attributes = {
				LastSwiftUpdateCheck = 1140;
				LastUpgradeCheck = 1140;
				ORGANIZATIONNAME = "Yug Rawal";
				TargetAttributes = {
					7EE9564F245DF74100DB6058 = {
						CreatedOnToolsVersion = 11.4.1;
					};
					7EE95665245DF74300DB6058 = {
						CreatedOnToolsVersion = 11.4.1;
						TestTargetID = 7EE9564F245DF74100DB6058;
					};
					7EE95670245DF74300DB6058 = {
						CreatedOnToolsVersion = 11.4.1;
						TestTargetID = 7EE9564F245DF74100DB6058;
					};
				};
			};
			buildConfigurationList = 7EE9564B245DF74100DB6058 /* Build configuration list for PBXProject "UserAuthIOS" */;
			compatibilityVersion = "Xcode 9.3";
			developmentRegion = en;
			hasScannedForEncodings = 0;
			knownRegions = (
				en,
				Base,
			);
			mainGroup = 7EE95647245DF74100DB6058;
			productRefGroup = 7EE95651245DF74100DB6058 /* Products */;
			projectDirPath = "";
			projectRoot = "";
			targets = (
				7EE9564F245DF74100DB6058 /* UserAuthIOS */,
				7EE95665245DF74300DB6058 /* UserAuthIOSTests */,
				7EE95670245DF74300DB6058 /* UserAuthIOSUITests */,
			);
		};
/* End PBXProject section */

/* Begin PBXResourcesBuildPhase section */
		7EE9564E245DF74100DB6058 /* Resources */ = {
			isa = PBXResourcesBuildPhase;
			buildActionMask = 2147483647;
			files = (
				7EE95660245DF74300DB6058 /* LaunchScreen.storyboard in Resources */,
				7ECEA4B42460D60100FDDDFE /* icon.png in Resources */,
				7EE95684245DF7D200DB6058 /* GoogleService-Info.plist in Resources */,
				7EE9565D245DF74300DB6058 /* Assets.xcassets in Resources */,
				7EE9565B245DF74100DB6058 /* Main.storyboard in Resources */,
			);
			runOnlyForDeploymentPostprocessing = 0;
		};
		7EE95664245DF74300DB6058 /* Resources */ = {
			isa = PBXResourcesBuildPhase;
			buildActionMask = 2147483647;
			files = (
			);
			runOnlyForDeploymentPostprocessing = 0;
		};
		7EE9566F245DF74300DB6058 /* Resources */ = {
			isa = PBXResourcesBuildPhase;
			buildActionMask = 2147483647;
			files = (
			);
			runOnlyForDeploymentPostprocessing = 0;
		};
/* End PBXResourcesBuildPhase section */

/* Begin PBXShellScriptBuildPhase section */
		01578C1D1687EBC83441CDB3 /* [CP] Check Pods Manifest.lock */ = {
			isa = PBXShellScriptBuildPhase;
			buildActionMask = 2147483647;
			files = (
			);
			inputFileListPaths = (
			);
			inputPaths = (
				"${PODS_PODFILE_DIR_PATH}/Podfile.lock",
				"${PODS_ROOT}/Manifest.lock",
			);
			name = "[CP] Check Pods Manifest.lock";
			outputFileListPaths = (
			);
			outputPaths = (
				"$(DERIVED_FILE_DIR)/Pods-UserAuthIOSTests-checkManifestLockResult.txt",
			);
			runOnlyForDeploymentPostprocessing = 0;
			shellPath = /bin/sh;
			shellScript = "diff \"${PODS_PODFILE_DIR_PATH}/Podfile.lock\" \"${PODS_ROOT}/Manifest.lock\" > /dev/null\nif [ $? != 0 ] ; then\n    # print error to STDERR\n    echo \"error: The sandbox is not in sync with the Podfile.lock. Run 'pod install' or update your CocoaPods installation.\" >&2\n    exit 1\nfi\n# This output is used by Xcode 'outputs' to avoid re-running this script phase.\necho \"SUCCESS\" > \"${SCRIPT_OUTPUT_FILE_0}\"\n";
			showEnvVarsInLog = 0;
		};
		34F8733B66121284411BCA3C /* [CP] Check Pods Manifest.lock */ = {
			isa = PBXShellScriptBuildPhase;
			buildActionMask = 2147483647;
			files = (
			);
			inputFileListPaths = (
			);
			inputPaths = (
				"${PODS_PODFILE_DIR_PATH}/Podfile.lock",
				"${PODS_ROOT}/Manifest.lock",
			);
			name = "[CP] Check Pods Manifest.lock";
			outputFileListPaths = (
			);
			outputPaths = (
				"$(DERIVED_FILE_DIR)/Pods-UserAuthIOS-checkManifestLockResult.txt",
			);
			runOnlyForDeploymentPostprocessing = 0;
			shellPath = /bin/sh;
			shellScript = "diff \"${PODS_PODFILE_DIR_PATH}/Podfile.lock\" \"${PODS_ROOT}/Manifest.lock\" > /dev/null\nif [ $? != 0 ] ; then\n    # print error to STDERR\n    echo \"error: The sandbox is not in sync with the Podfile.lock. Run 'pod install' or update your CocoaPods installation.\" >&2\n    exit 1\nfi\n# This output is used by Xcode 'outputs' to avoid re-running this script phase.\necho \"SUCCESS\" > \"${SCRIPT_OUTPUT_FILE_0}\"\n";
			showEnvVarsInLog = 0;
		};
		46A287BD34233374627A31B3 /* [CP] Embed Pods Frameworks */ = {
			isa = PBXShellScriptBuildPhase;
			buildActionMask = 2147483647;
			files = (
			);
			inputFileListPaths = (
				"${PODS_ROOT}/Target Support Files/Pods-UserAuthIOS-UserAuthIOSUITests/Pods-UserAuthIOS-UserAuthIOSUITests-frameworks-${CONFIGURATION}-input-files.xcfilelist",
			);
			name = "[CP] Embed Pods Frameworks";
			outputFileListPaths = (
				"${PODS_ROOT}/Target Support Files/Pods-UserAuthIOS-UserAuthIOSUITests/Pods-UserAuthIOS-UserAuthIOSUITests-frameworks-${CONFIGURATION}-output-files.xcfilelist",
			);
			runOnlyForDeploymentPostprocessing = 0;
			shellPath = /bin/sh;
			shellScript = "\"${PODS_ROOT}/Target Support Files/Pods-UserAuthIOS-UserAuthIOSUITests/Pods-UserAuthIOS-UserAuthIOSUITests-frameworks.sh\"\n";
			showEnvVarsInLog = 0;
		};
		60B4276A2A8730C972802335 /* [CP] Check Pods Manifest.lock */ = {
			isa = PBXShellScriptBuildPhase;
			buildActionMask = 2147483647;
			files = (
			);
			inputFileListPaths = (
			);
			inputPaths = (
				"${PODS_PODFILE_DIR_PATH}/Podfile.lock",
				"${PODS_ROOT}/Manifest.lock",
			);
			name = "[CP] Check Pods Manifest.lock";
			outputFileListPaths = (
			);
			outputPaths = (
				"$(DERIVED_FILE_DIR)/Pods-UserAuthIOS-UserAuthIOSUITests-checkManifestLockResult.txt",
			);
			runOnlyForDeploymentPostprocessing = 0;
			shellPath = /bin/sh;
			shellScript = "diff \"${PODS_PODFILE_DIR_PATH}/Podfile.lock\" \"${PODS_ROOT}/Manifest.lock\" > /dev/null\nif [ $? != 0 ] ; then\n    # print error to STDERR\n    echo \"error: The sandbox is not in sync with the Podfile.lock. Run 'pod install' or update your CocoaPods installation.\" >&2\n    exit 1\nfi\n# This output is used by Xcode 'outputs' to avoid re-running this script phase.\necho \"SUCCESS\" > \"${SCRIPT_OUTPUT_FILE_0}\"\n";
			showEnvVarsInLog = 0;
		};
		E4D0937DA6E7D179A93D52C0 /* [CP] Embed Pods Frameworks */ = {
			isa = PBXShellScriptBuildPhase;
			buildActionMask = 2147483647;
			files = (
			);
			inputFileListPaths = (
				"${PODS_ROOT}/Target Support Files/Pods-UserAuthIOS/Pods-UserAuthIOS-frameworks-${CONFIGURATION}-input-files.xcfilelist",
			);
			name = "[CP] Embed Pods Frameworks";
			outputFileListPaths = (
				"${PODS_ROOT}/Target Support Files/Pods-UserAuthIOS/Pods-UserAuthIOS-frameworks-${CONFIGURATION}-output-files.xcfilelist",
			);
			runOnlyForDeploymentPostprocessing = 0;
			shellPath = /bin/sh;
			shellScript = "\"${PODS_ROOT}/Target Support Files/Pods-UserAuthIOS/Pods-UserAuthIOS-frameworks.sh\"\n";
			showEnvVarsInLog = 0;
		};
/* End PBXShellScriptBuildPhase section */

/* Begin PBXSourcesBuildPhase section */
		7EE9564C245DF74100DB6058 /* Sources */ = {
			isa = PBXSourcesBuildPhase;
			buildActionMask = 2147483647;
			files = (
				7EE95658245DF74100DB6058 /* ViewController.swift in Sources */,
				7EE95654245DF74100DB6058 /* AppDelegate.swift in Sources */,
				7EE95656245DF74100DB6058 /* SceneDelegate.swift in Sources */,
			);
			runOnlyForDeploymentPostprocessing = 0;
		};
		7EE95662245DF74300DB6058 /* Sources */ = {
			isa = PBXSourcesBuildPhase;
			buildActionMask = 2147483647;
			files = (
				7EE9566B245DF74300DB6058 /* UserAuthIOSTests.swift in Sources */,
			);
			runOnlyForDeploymentPostprocessing = 0;
		};
		7EE9566D245DF74300DB6058 /* Sources */ = {
			isa = PBXSourcesBuildPhase;
			buildActionMask = 2147483647;
			files = (
				7EE95676245DF74300DB6058 /* UserAuthIOSUITests.swift in Sources */,
			);
			runOnlyForDeploymentPostprocessing = 0;
		};
/* End PBXSourcesBuildPhase section */

/* Begin PBXTargetDependency section */
		7EE95668245DF74300DB6058 /* PBXTargetDependency */ = {
			isa = PBXTargetDependency;
			target = 7EE9564F245DF74100DB6058 /* UserAuthIOS */;
			targetProxy = 7EE95667245DF74300DB6058 /* PBXContainerItemProxy */;
		};
		7EE95673245DF74300DB6058 /* PBXTargetDependency */ = {
			isa = PBXTargetDependency;
			target = 7EE9564F245DF74100DB6058 /* UserAuthIOS */;
			targetProxy = 7EE95672245DF74300DB6058 /* PBXContainerItemProxy */;
		};
/* End PBXTargetDependency section */

/* Begin PBXVariantGroup section */
		7EE95659245DF74100DB6058 /* Main.storyboard */ = {
			isa = PBXVariantGroup;
			children = (
				7EE9565A245DF74100DB6058 /* Base */,
			);
			name = Main.storyboard;
			sourceTree = "<group>";
		};
		7EE9565E245DF74300DB6058 /* LaunchScreen.storyboard */ = {
			isa = PBXVariantGroup;
			children = (
				7EE9565F245DF74300DB6058 /* Base */,
			);
			name = LaunchScreen.storyboard;
			sourceTree = "<group>";
		};
/* End PBXVariantGroup section */

/* Begin XCBuildConfiguration section */
		7EE95678245DF74300DB6058 /* Debug */ = {
			isa = XCBuildConfiguration;
			buildSettings = {
				ALWAYS_SEARCH_USER_PATHS = NO;
				CLANG_ANALYZER_NONNULL = YES;
				CLANG_ANALYZER_NUMBER_OBJECT_CONVERSION = YES_AGGRESSIVE;
				CLANG_CXX_LANGUAGE_STANDARD = "gnu++14";
				CLANG_CXX_LIBRARY = "libc++";
				CLANG_ENABLE_MODULES = YES;
				CLANG_ENABLE_OBJC_ARC = YES;
				CLANG_ENABLE_OBJC_WEAK = YES;
				CLANG_WARN_BLOCK_CAPTURE_AUTORELEASING = YES;
				CLANG_WARN_BOOL_CONVERSION = YES;
				CLANG_WARN_COMMA = YES;
				CLANG_WARN_CONSTANT_CONVERSION = YES;
				CLANG_WARN_DEPRECATED_OBJC_IMPLEMENTATIONS = YES;
				CLANG_WARN_DIRECT_OBJC_ISA_USAGE = YES_ERROR;
				CLANG_WARN_DOCUMENTATION_COMMENTS = YES;
				CLANG_WARN_EMPTY_BODY = YES;
				CLANG_WARN_ENUM_CONVERSION = YES;
				CLANG_WARN_INFINITE_RECURSION = YES;
				CLANG_WARN_INT_CONVERSION = YES;
				CLANG_WARN_NON_LITERAL_NULL_CONVERSION = YES;
				CLANG_WARN_OBJC_IMPLICIT_RETAIN_SELF = YES;
				CLANG_WARN_OBJC_LITERAL_CONVERSION = YES;
				CLANG_WARN_OBJC_ROOT_CLASS = YES_ERROR;
				CLANG_WARN_RANGE_LOOP_ANALYSIS = YES;
				CLANG_WARN_STRICT_PROTOTYPES = YES;
				CLANG_WARN_SUSPICIOUS_MOVE = YES;
				CLANG_WARN_UNGUARDED_AVAILABILITY = YES_AGGRESSIVE;
				CLANG_WARN_UNREACHABLE_CODE = YES;
				CLANG_WARN__DUPLICATE_METHOD_MATCH = YES;
				COPY_PHASE_STRIP = NO;
				DEBUG_INFORMATION_FORMAT = dwarf;
				ENABLE_STRICT_OBJC_MSGSEND = YES;
				ENABLE_TESTABILITY = YES;
				GCC_C_LANGUAGE_STANDARD = gnu11;
				GCC_DYNAMIC_NO_PIC = NO;
				GCC_NO_COMMON_BLOCKS = YES;
				GCC_OPTIMIZATION_LEVEL = 0;
				GCC_PREPROCESSOR_DEFINITIONS = (
					"DEBUG=1",
					"$(inherited)",
				);
				GCC_WARN_64_TO_32_BIT_CONVERSION = YES;
				GCC_WARN_ABOUT_RETURN_TYPE = YES_ERROR;
				GCC_WARN_UNDECLARED_SELECTOR = YES;
				GCC_WARN_UNINITIALIZED_AUTOS = YES_AGGRESSIVE;
				GCC_WARN_UNUSED_FUNCTION = YES;
				GCC_WARN_UNUSED_VARIABLE = YES;
				IPHONEOS_DEPLOYMENT_TARGET = 13.4;
				MTL_ENABLE_DEBUG_INFO = INCLUDE_SOURCE;
				MTL_FAST_MATH = YES;
				ONLY_ACTIVE_ARCH = YES;
				SDKROOT = iphoneos;
				SWIFT_ACTIVE_COMPILATION_CONDITIONS = DEBUG;
				SWIFT_OPTIMIZATION_LEVEL = "-Onone";
			};
			name = Debug;
		};
		7EE95679245DF74300DB6058 /* Release */ = {
			isa = XCBuildConfiguration;
			buildSettings = {
				ALWAYS_SEARCH_USER_PATHS = NO;
				CLANG_ANALYZER_NONNULL = YES;
				CLANG_ANALYZER_NUMBER_OBJECT_CONVERSION = YES_AGGRESSIVE;
				CLANG_CXX_LANGUAGE_STANDARD = "gnu++14";
				CLANG_CXX_LIBRARY = "libc++";
				CLANG_ENABLE_MODULES = YES;
				CLANG_ENABLE_OBJC_ARC = YES;
				CLANG_ENABLE_OBJC_WEAK = YES;
				CLANG_WARN_BLOCK_CAPTURE_AUTORELEASING = YES;
				CLANG_WARN_BOOL_CONVERSION = YES;
				CLANG_WARN_COMMA = YES;
				CLANG_WARN_CONSTANT_CONVERSION = YES;
				CLANG_WARN_DEPRECATED_OBJC_IMPLEMENTATIONS = YES;
				CLANG_WARN_DIRECT_OBJC_ISA_USAGE = YES_ERROR;
				CLANG_WARN_DOCUMENTATION_COMMENTS = YES;
				CLANG_WARN_EMPTY_BODY = YES;
				CLANG_WARN_ENUM_CONVERSION = YES;
				CLANG_WARN_INFINITE_RECURSION = YES;
				CLANG_WARN_INT_CONVERSION = YES;
				CLANG_WARN_NON_LITERAL_NULL_CONVERSION = YES;
				CLANG_WARN_OBJC_IMPLICIT_RETAIN_SELF = YES;
				CLANG_WARN_OBJC_LITERAL_CONVERSION = YES;
				CLANG_WARN_OBJC_ROOT_CLASS = YES_ERROR;
				CLANG_WARN_RANGE_LOOP_ANALYSIS = YES;
				CLANG_WARN_STRICT_PROTOTYPES = YES;
				CLANG_WARN_SUSPICIOUS_MOVE = YES;
				CLANG_WARN_UNGUARDED_AVAILABILITY = YES_AGGRESSIVE;
				CLANG_WARN_UNREACHABLE_CODE = YES;
				CLANG_WARN__DUPLICATE_METHOD_MATCH = YES;
				COPY_PHASE_STRIP = NO;
				DEBUG_INFORMATION_FORMAT = "dwarf-with-dsym";
				ENABLE_NS_ASSERTIONS = NO;
				ENABLE_STRICT_OBJC_MSGSEND = YES;
				GCC_C_LANGUAGE_STANDARD = gnu11;
				GCC_NO_COMMON_BLOCKS = YES;
				GCC_WARN_64_TO_32_BIT_CONVERSION = YES;
				GCC_WARN_ABOUT_RETURN_TYPE = YES_ERROR;
				GCC_WARN_UNDECLARED_SELECTOR = YES;
				GCC_WARN_UNINITIALIZED_AUTOS = YES_AGGRESSIVE;
				GCC_WARN_UNUSED_FUNCTION = YES;
				GCC_WARN_UNUSED_VARIABLE = YES;
				IPHONEOS_DEPLOYMENT_TARGET = 13.4;
				MTL_ENABLE_DEBUG_INFO = NO;
				MTL_FAST_MATH = YES;
				SDKROOT = iphoneos;
				SWIFT_COMPILATION_MODE = wholemodule;
				SWIFT_OPTIMIZATION_LEVEL = "-O";
				VALIDATE_PRODUCT = YES;
			};
			name = Release;
		};
		7EE9567B245DF74300DB6058 /* Debug */ = {
			isa = XCBuildConfiguration;
			baseConfigurationReference = 6A09CD16696CECE62E856DDC /* Pods-UserAuthIOS.debug.xcconfig */;
			buildSettings = {
				ASSETCATALOG_COMPILER_APPICON_NAME = AppIcon;
				CODE_SIGN_STYLE = Automatic;
				DEVELOPMENT_TEAM = 26G7X62A2N;
				INFOPLIST_FILE = UserAuthIOS/Info.plist;
				LD_RUNPATH_SEARCH_PATHS = (
					"$(inherited)",
					"@executable_path/Frameworks",
				);
				PRODUCT_BUNDLE_IDENTIFIER = com.salvation.UserAuthIOS.UserAuthIOS;
				PRODUCT_NAME = "$(TARGET_NAME)";
				SWIFT_VERSION = 5.0;
				TARGETED_DEVICE_FAMILY = "1,2";
			};
			name = Debug;
		};
		7EE9567C245DF74300DB6058 /* Release */ = {
			isa = XCBuildConfiguration;
			baseConfigurationReference = DBD13BFBE5A727E74EF294FC /* Pods-UserAuthIOS.release.xcconfig */;
			buildSettings = {
				ASSETCATALOG_COMPILER_APPICON_NAME = AppIcon;
				CODE_SIGN_STYLE = Automatic;
				DEVELOPMENT_TEAM = 26G7X62A2N;
				INFOPLIST_FILE = UserAuthIOS/Info.plist;
				LD_RUNPATH_SEARCH_PATHS = (
					"$(inherited)",
					"@executable_path/Frameworks",
				);
				PRODUCT_BUNDLE_IDENTIFIER = com.salvation.UserAuthIOS.UserAuthIOS;
				PRODUCT_NAME = "$(TARGET_NAME)";
				SWIFT_VERSION = 5.0;
				TARGETED_DEVICE_FAMILY = "1,2";
			};
			name = Release;
		};
		7EE9567E245DF74300DB6058 /* Debug */ = {
			isa = XCBuildConfiguration;
			baseConfigurationReference = FE563CEC82387FC6E5ABAC3E /* Pods-UserAuthIOSTests.debug.xcconfig */;
			buildSettings = {
				ALWAYS_EMBED_SWIFT_STANDARD_LIBRARIES = YES;
				BUNDLE_LOADER = "$(TEST_HOST)";
				CODE_SIGN_STYLE = Automatic;
				INFOPLIST_FILE = UserAuthIOSTests/Info.plist;
				IPHONEOS_DEPLOYMENT_TARGET = 13.4;
				LD_RUNPATH_SEARCH_PATHS = (
					"$(inherited)",
					"@executable_path/Frameworks",
					"@loader_path/Frameworks",
				);
				PRODUCT_BUNDLE_IDENTIFIER = com.salvation.UserAuthIOS.UserAuthIOSTests;
				PRODUCT_NAME = "$(TARGET_NAME)";
				SWIFT_VERSION = 5.0;
				TARGETED_DEVICE_FAMILY = "1,2";
				TEST_HOST = "$(BUILT_PRODUCTS_DIR)/UserAuthIOS.app/UserAuthIOS";
			};
			name = Debug;
		};
		7EE9567F245DF74300DB6058 /* Release */ = {
			isa = XCBuildConfiguration;
			baseConfigurationReference = EA12D4F7EB0F243DC119D28B /* Pods-UserAuthIOSTests.release.xcconfig */;
			buildSettings = {
				ALWAYS_EMBED_SWIFT_STANDARD_LIBRARIES = YES;
				BUNDLE_LOADER = "$(TEST_HOST)";
				CODE_SIGN_STYLE = Automatic;
				INFOPLIST_FILE = UserAuthIOSTests/Info.plist;
				IPHONEOS_DEPLOYMENT_TARGET = 13.4;
				LD_RUNPATH_SEARCH_PATHS = (
					"$(inherited)",
					"@executable_path/Frameworks",
					"@loader_path/Frameworks",
				);
				PRODUCT_BUNDLE_IDENTIFIER = com.salvation.UserAuthIOS.UserAuthIOSTests;
				PRODUCT_NAME = "$(TARGET_NAME)";
				SWIFT_VERSION = 5.0;
				TARGETED_DEVICE_FAMILY = "1,2";
				TEST_HOST = "$(BUILT_PRODUCTS_DIR)/UserAuthIOS.app/UserAuthIOS";
			};
			name = Release;
		};
		7EE95681245DF74300DB6058 /* Debug */ = {
			isa = XCBuildConfiguration;
			baseConfigurationReference = 53D20B294F5662D0BD5B2F27 /* Pods-UserAuthIOS-UserAuthIOSUITests.debug.xcconfig */;
			buildSettings = {
				ALWAYS_EMBED_SWIFT_STANDARD_LIBRARIES = YES;
				CODE_SIGN_STYLE = Automatic;
				INFOPLIST_FILE = UserAuthIOSUITests/Info.plist;
				LD_RUNPATH_SEARCH_PATHS = (
					"$(inherited)",
					"@executable_path/Frameworks",
					"@loader_path/Frameworks",
				);
				PRODUCT_BUNDLE_IDENTIFIER = com.salvation.UserAuthIOS.UserAuthIOSUITests;
				PRODUCT_NAME = "$(TARGET_NAME)";
				SWIFT_VERSION = 5.0;
				TARGETED_DEVICE_FAMILY = "1,2";
				TEST_TARGET_NAME = UserAuthIOS;
			};
			name = Debug;
		};
		7EE95682245DF74300DB6058 /* Release */ = {
			isa = XCBuildConfiguration;
			baseConfigurationReference = 29C416A9FFA4B76338C8B8E8 /* Pods-UserAuthIOS-UserAuthIOSUITests.release.xcconfig */;
			buildSettings = {
				ALWAYS_EMBED_SWIFT_STANDARD_LIBRARIES = YES;
				CODE_SIGN_STYLE = Automatic;
				INFOPLIST_FILE = UserAuthIOSUITests/Info.plist;
				LD_RUNPATH_SEARCH_PATHS = (
					"$(inherited)",
					"@executable_path/Frameworks",
					"@loader_path/Frameworks",
				);
				PRODUCT_BUNDLE_IDENTIFIER = com.salvation.UserAuthIOS.UserAuthIOSUITests;
				PRODUCT_NAME = "$(TARGET_NAME)";
				SWIFT_VERSION = 5.0;
				TARGETED_DEVICE_FAMILY = "1,2";
				TEST_TARGET_NAME = UserAuthIOS;
			};
			name = Release;
		};
/* End XCBuildConfiguration section */

/* Begin XCConfigurationList section */
		7EE9564B245DF74100DB6058 /* Build configuration list for PBXProject "UserAuthIOS" */ = {
			isa = XCConfigurationList;
			buildConfigurations = (
				7EE95678245DF74300DB6058 /* Debug */,
				7EE95679245DF74300DB6058 /* Release */,
			);
			defaultConfigurationIsVisible = 0;
			defaultConfigurationName = Release;
		};
		7EE9567A245DF74300DB6058 /* Build configuration list for PBXNativeTarget "UserAuthIOS" */ = {
			isa = XCConfigurationList;
			buildConfigurations = (
				7EE9567B245DF74300DB6058 /* Debug */,
				7EE9567C245DF74300DB6058 /* Release */,
			);
			defaultConfigurationIsVisible = 0;
			defaultConfigurationName = Release;
		};
		7EE9567D245DF74300DB6058 /* Build configuration list for PBXNativeTarget "UserAuthIOSTests" */ = {
			isa = XCConfigurationList;
			buildConfigurations = (
				7EE9567E245DF74300DB6058 /* Debug */,
				7EE9567F245DF74300DB6058 /* Release */,
			);
			defaultConfigurationIsVisible = 0;
			defaultConfigurationName = Release;
		};
		7EE95680245DF74300DB6058 /* Build configuration list for PBXNativeTarget "UserAuthIOSUITests" */ = {
			isa = XCConfigurationList;
			buildConfigurations = (
				7EE95681245DF74300DB6058 /* Debug */,
				7EE95682245DF74300DB6058 /* Release */,
			);
			defaultConfigurationIsVisible = 0;
			defaultConfigurationName = Release;
		};
/* End XCConfigurationList section */
	};
	rootObject = 7EE95648245DF74100DB6058 /* Project object */;
}
